// !$*UTF8*$!
{
	archiveVersion = 1;
	classes = {
	};
	objectVersion = 56;
	objects = {

/* Begin PBXBuildFile section */
		526BFF242C14C6F200825BD4 /* MetricsWidgetApp.swift in Sources */ = {isa = PBXBuildFile; fileRef = 526BFF232C14C6F200825BD4 /* MetricsWidgetApp.swift */; };
		526BFF282C14C6F300825BD4 /* Assets.xcassets in Resources */ = {isa = PBXBuildFile; fileRef = 526BFF272C14C6F300825BD4 /* Assets.xcassets */; };
		526BFF2C2C14C6F300825BD4 /* Preview Assets.xcassets in Resources */ = {isa = PBXBuildFile; fileRef = 526BFF2B2C14C6F300825BD4 /* Preview Assets.xcassets */; };
		526BFF552C14C7A000825BD4 /* WidgetKit.framework in Frameworks */ = {isa = PBXBuildFile; fileRef = 526BFF542C14C7A000825BD4 /* WidgetKit.framework */; settings = {ATTRIBUTES = (Weak, ); }; };
		526BFF572C14C7A000825BD4 /* SwiftUI.framework in Frameworks */ = {isa = PBXBuildFile; fileRef = 526BFF562C14C7A000825BD4 /* SwiftUI.framework */; };
		526BFF5A2C14C7A000825BD4 /* EthMetricsBundle.swift in Sources */ = {isa = PBXBuildFile; fileRef = 526BFF592C14C7A000825BD4 /* EthMetricsBundle.swift */; };
		526BFF5C2C14C7A000825BD4 /* EthMetricsLiveActivity.swift in Sources */ = {isa = PBXBuildFile; fileRef = 526BFF5B2C14C7A000825BD4 /* EthMetricsLiveActivity.swift */; };
		526BFF5E2C14C7A000825BD4 /* EthMetrics.swift in Sources */ = {isa = PBXBuildFile; fileRef = 526BFF5D2C14C7A000825BD4 /* EthMetrics.swift */; };
		526BFF602C14C7A000825BD4 /* AppIntent.swift in Sources */ = {isa = PBXBuildFile; fileRef = 526BFF5F2C14C7A000825BD4 /* AppIntent.swift */; };
		526BFF622C14C7A200825BD4 /* Assets.xcassets in Resources */ = {isa = PBXBuildFile; fileRef = 526BFF612C14C7A200825BD4 /* Assets.xcassets */; };
		526BFF662C14C7A200825BD4 /* EthMetricsExtension.appex in Embed Foundation Extensions */ = {isa = PBXBuildFile; fileRef = 526BFF522C14C79F00825BD4 /* EthMetricsExtension.appex */; settings = {ATTRIBUTES = (RemoveHeadersOnCopy, ); }; };
		52A167C02C34774300D5DB22 /* ActivityKit.framework in Frameworks */ = {isa = PBXBuildFile; fileRef = 52A167BF2C34774300D5DB22 /* ActivityKit.framework */; settings = {ATTRIBUTES = (Weak, ); }; };
		52A3B5E72C320BCF00625407 /* AppIntent.swift in Sources */ = {isa = PBXBuildFile; fileRef = 526BFF5F2C14C7A000825BD4 /* AppIntent.swift */; };
		52A3B5ED2C33110B00625407 /* NetworkManager.swift in Sources */ = {isa = PBXBuildFile; fileRef = 52E4F7152C1E2DF7009787FD /* NetworkManager.swift */; };
		52B3B4082C165B8A006D6DCB /* HomeView.swift in Sources */ = {isa = PBXBuildFile; fileRef = 52B3B4072C165B8A006D6DCB /* HomeView.swift */; };
		52B3B40A2C165B99006D6DCB /* HomeViewModel.swift in Sources */ = {isa = PBXBuildFile; fileRef = 52B3B4092C165B99006D6DCB /* HomeViewModel.swift */; };
		52B560672C3205D800CA31B6 /* Point.swift in Sources */ = {isa = PBXBuildFile; fileRef = 52B560662C3205D800CA31B6 /* Point.swift */; };
		52B560682C3205D800CA31B6 /* Point.swift in Sources */ = {isa = PBXBuildFile; fileRef = 52B560662C3205D800CA31B6 /* Point.swift */; };
		52B5606A2C32062900CA31B6 /* UserDefaultsCaching.swift in Sources */ = {isa = PBXBuildFile; fileRef = 52B560692C32062900CA31B6 /* UserDefaultsCaching.swift */; };
		52B5606B2C32062900CA31B6 /* UserDefaultsCaching.swift in Sources */ = {isa = PBXBuildFile; fileRef = 52B560692C32062900CA31B6 /* UserDefaultsCaching.swift */; };
		52E4F7162C1E2DF7009787FD /* NetworkManager.swift in Sources */ = {isa = PBXBuildFile; fileRef = 52E4F7152C1E2DF7009787FD /* NetworkManager.swift */; };
		52E4F71F2C1E3F93009787FD /* EthMetricsModel.swift in Sources */ = {isa = PBXBuildFile; fileRef = 52E4F71E2C1E3F93009787FD /* EthMetricsModel.swift */; };
		52E4F7202C1E3F93009787FD /* EthMetricsModel.swift in Sources */ = {isa = PBXBuildFile; fileRef = 52E4F71E2C1E3F93009787FD /* EthMetricsModel.swift */; };
		52E4F7232C1F400C009787FD /* UIColor+Extensions.swift in Sources */ = {isa = PBXBuildFile; fileRef = 52E4F7222C1F400C009787FD /* UIColor+Extensions.swift */; };
		52E4F7242C1F400C009787FD /* UIColor+Extensions.swift in Sources */ = {isa = PBXBuildFile; fileRef = 52E4F7222C1F400C009787FD /* UIColor+Extensions.swift */; };
/* End PBXBuildFile section */

/* Begin PBXContainerItemProxy section */
		526BFF322C14C6F300825BD4 /* PBXContainerItemProxy */ = {
			isa = PBXContainerItemProxy;
			containerPortal = 526BFF182C14C6F200825BD4 /* Project object */;
			proxyType = 1;
			remoteGlobalIDString = 526BFF1F2C14C6F200825BD4;
			remoteInfo = MetricsWidget;
		};
		526BFF3C2C14C6F300825BD4 /* PBXContainerItemProxy */ = {
			isa = PBXContainerItemProxy;
			containerPortal = 526BFF182C14C6F200825BD4 /* Project object */;
			proxyType = 1;
			remoteGlobalIDString = 526BFF1F2C14C6F200825BD4;
			remoteInfo = MetricsWidget;
		};
		526BFF642C14C7A200825BD4 /* PBXContainerItemProxy */ = {
			isa = PBXContainerItemProxy;
			containerPortal = 526BFF182C14C6F200825BD4 /* Project object */;
			proxyType = 1;
			remoteGlobalIDString = 526BFF512C14C79F00825BD4;
			remoteInfo = EthMetricsExtension;
		};
/* End PBXContainerItemProxy section */

/* Begin PBXCopyFilesBuildPhase section */
		526BFF6A2C14C7A200825BD4 /* Embed Foundation Extensions */ = {
			isa = PBXCopyFilesBuildPhase;
			buildActionMask = 2147483647;
			dstPath = "";
			dstSubfolderSpec = 13;
			files = (
				526BFF662C14C7A200825BD4 /* EthMetricsExtension.appex in Embed Foundation Extensions */,
			);
			name = "Embed Foundation Extensions";
			runOnlyForDeploymentPostprocessing = 0;
		};
/* End PBXCopyFilesBuildPhase section */

/* Begin PBXFileReference section */
		526BFF202C14C6F200825BD4 /* MetricsWidget.app */ = {isa = PBXFileReference; explicitFileType = wrapper.application; includeInIndex = 0; path = MetricsWidget.app; sourceTree = BUILT_PRODUCTS_DIR; };
		526BFF232C14C6F200825BD4 /* MetricsWidgetApp.swift */ = {isa = PBXFileReference; lastKnownFileType = sourcecode.swift; path = MetricsWidgetApp.swift; sourceTree = "<group>"; };
		526BFF272C14C6F300825BD4 /* Assets.xcassets */ = {isa = PBXFileReference; lastKnownFileType = folder.assetcatalog; path = Assets.xcassets; sourceTree = "<group>"; };
		526BFF292C14C6F300825BD4 /* MetricsWidget.entitlements */ = {isa = PBXFileReference; lastKnownFileType = text.plist.entitlements; path = MetricsWidget.entitlements; sourceTree = "<group>"; };
		526BFF2B2C14C6F300825BD4 /* Preview Assets.xcassets */ = {isa = PBXFileReference; lastKnownFileType = folder.assetcatalog; path = "Preview Assets.xcassets"; sourceTree = "<group>"; };
		526BFF312C14C6F300825BD4 /* MetricsWidgetTests.xctest */ = {isa = PBXFileReference; explicitFileType = wrapper.cfbundle; includeInIndex = 0; path = MetricsWidgetTests.xctest; sourceTree = BUILT_PRODUCTS_DIR; };
		526BFF3B2C14C6F300825BD4 /* MetricsWidgetUITests.xctest */ = {isa = PBXFileReference; explicitFileType = wrapper.cfbundle; includeInIndex = 0; path = MetricsWidgetUITests.xctest; sourceTree = BUILT_PRODUCTS_DIR; };
		526BFF522C14C79F00825BD4 /* EthMetricsExtension.appex */ = {isa = PBXFileReference; explicitFileType = "wrapper.app-extension"; includeInIndex = 0; path = EthMetricsExtension.appex; sourceTree = BUILT_PRODUCTS_DIR; };
		526BFF542C14C7A000825BD4 /* WidgetKit.framework */ = {isa = PBXFileReference; lastKnownFileType = wrapper.framework; name = WidgetKit.framework; path = System/Library/Frameworks/WidgetKit.framework; sourceTree = SDKROOT; };
		526BFF562C14C7A000825BD4 /* SwiftUI.framework */ = {isa = PBXFileReference; lastKnownFileType = wrapper.framework; name = SwiftUI.framework; path = System/Library/Frameworks/SwiftUI.framework; sourceTree = SDKROOT; };
		526BFF592C14C7A000825BD4 /* EthMetricsBundle.swift */ = {isa = PBXFileReference; lastKnownFileType = sourcecode.swift; path = EthMetricsBundle.swift; sourceTree = "<group>"; };
		526BFF5B2C14C7A000825BD4 /* EthMetricsLiveActivity.swift */ = {isa = PBXFileReference; lastKnownFileType = sourcecode.swift; path = EthMetricsLiveActivity.swift; sourceTree = "<group>"; };
		526BFF5D2C14C7A000825BD4 /* EthMetrics.swift */ = {isa = PBXFileReference; lastKnownFileType = sourcecode.swift; path = EthMetrics.swift; sourceTree = "<group>"; };
		526BFF5F2C14C7A000825BD4 /* AppIntent.swift */ = {isa = PBXFileReference; lastKnownFileType = sourcecode.swift; path = AppIntent.swift; sourceTree = "<group>"; };
		526BFF612C14C7A200825BD4 /* Assets.xcassets */ = {isa = PBXFileReference; lastKnownFileType = folder.assetcatalog; path = Assets.xcassets; sourceTree = "<group>"; };
		526BFF632C14C7A200825BD4 /* Info.plist */ = {isa = PBXFileReference; lastKnownFileType = text.plist.xml; path = Info.plist; sourceTree = "<group>"; };
		52A167BF2C34774300D5DB22 /* ActivityKit.framework */ = {isa = PBXFileReference; lastKnownFileType = wrapper.framework; name = ActivityKit.framework; path = Platforms/iPhoneOS.platform/Developer/SDKs/iPhoneOS17.0.sdk/System/Library/Frameworks/ActivityKit.framework; sourceTree = DEVELOPER_DIR; };
		52A3B5E62C32093D00625407 /* Info.plist */ = {isa = PBXFileReference; lastKnownFileType = text.plist; path = Info.plist; sourceTree = "<group>"; };
		52A3B5E82C32182F00625407 /* EthMetricsExtension.entitlements */ = {isa = PBXFileReference; lastKnownFileType = text.plist.entitlements; path = EthMetricsExtension.entitlements; sourceTree = "<group>"; };
		52B3B4072C165B8A006D6DCB /* HomeView.swift */ = {isa = PBXFileReference; lastKnownFileType = sourcecode.swift; path = HomeView.swift; sourceTree = "<group>"; };
		52B3B4092C165B99006D6DCB /* HomeViewModel.swift */ = {isa = PBXFileReference; lastKnownFileType = sourcecode.swift; path = HomeViewModel.swift; sourceTree = "<group>"; };
		52B560662C3205D800CA31B6 /* Point.swift */ = {isa = PBXFileReference; lastKnownFileType = sourcecode.swift; path = Point.swift; sourceTree = "<group>"; };
		52B560692C32062900CA31B6 /* UserDefaultsCaching.swift */ = {isa = PBXFileReference; lastKnownFileType = sourcecode.swift; path = UserDefaultsCaching.swift; sourceTree = "<group>"; };
		52E4F7152C1E2DF7009787FD /* NetworkManager.swift */ = {isa = PBXFileReference; lastKnownFileType = sourcecode.swift; path = NetworkManager.swift; sourceTree = "<group>"; };
		52E4F71E2C1E3F93009787FD /* EthMetricsModel.swift */ = {isa = PBXFileReference; lastKnownFileType = sourcecode.swift; path = EthMetricsModel.swift; sourceTree = "<group>"; };
		52E4F7222C1F400C009787FD /* UIColor+Extensions.swift */ = {isa = PBXFileReference; lastKnownFileType = sourcecode.swift; path = "UIColor+Extensions.swift"; sourceTree = "<group>"; };
/* End PBXFileReference section */

/* Begin PBXFrameworksBuildPhase section */
		526BFF1D2C14C6F200825BD4 /* Frameworks */ = {
			isa = PBXFrameworksBuildPhase;
			buildActionMask = 2147483647;
			files = (
			);
			runOnlyForDeploymentPostprocessing = 0;
		};
		526BFF2E2C14C6F300825BD4 /* Frameworks */ = {
			isa = PBXFrameworksBuildPhase;
			buildActionMask = 2147483647;
			files = (
			);
			runOnlyForDeploymentPostprocessing = 0;
		};
		526BFF382C14C6F300825BD4 /* Frameworks */ = {
			isa = PBXFrameworksBuildPhase;
			buildActionMask = 2147483647;
			files = (
			);
			runOnlyForDeploymentPostprocessing = 0;
		};
		526BFF4F2C14C79F00825BD4 /* Frameworks */ = {
			isa = PBXFrameworksBuildPhase;
			buildActionMask = 2147483647;
			files = (
				52A167C02C34774300D5DB22 /* ActivityKit.framework in Frameworks */,
				526BFF572C14C7A000825BD4 /* SwiftUI.framework in Frameworks */,
				526BFF552C14C7A000825BD4 /* WidgetKit.framework in Frameworks */,
			);
			runOnlyForDeploymentPostprocessing = 0;
		};
/* End PBXFrameworksBuildPhase section */

/* Begin PBXGroup section */
		526BFF172C14C6F200825BD4 = {
			isa = PBXGroup;
			children = (
				52A3B5E82C32182F00625407 /* EthMetricsExtension.entitlements */,
				52B560652C3205C900CA31B6 /* Persistance */,
				52E4F7142C1E2D59009787FD /* Network */,
				526BFF222C14C6F200825BD4 /* MetricsWidget */,
				52E4F7212C1F3FE9009787FD /* Extensions */,
				526BFF582C14C7A000825BD4 /* EthMetrics */,
				526BFF532C14C7A000825BD4 /* Frameworks */,
				526BFF212C14C6F200825BD4 /* Products */,
			);
			sourceTree = "<group>";
		};
		526BFF212C14C6F200825BD4 /* Products */ = {
			isa = PBXGroup;
			children = (
				526BFF202C14C6F200825BD4 /* MetricsWidget.app */,
				526BFF312C14C6F300825BD4 /* MetricsWidgetTests.xctest */,
				526BFF3B2C14C6F300825BD4 /* MetricsWidgetUITests.xctest */,
				526BFF522C14C79F00825BD4 /* EthMetricsExtension.appex */,
			);
			name = Products;
			sourceTree = "<group>";
		};
		526BFF222C14C6F200825BD4 /* MetricsWidget */ = {
			isa = PBXGroup;
			children = (
				52A3B5E62C32093D00625407 /* Info.plist */,
				52B3B4062C165B79006D6DCB /* Home */,
				526BFF232C14C6F200825BD4 /* MetricsWidgetApp.swift */,
				526BFF272C14C6F300825BD4 /* Assets.xcassets */,
				526BFF292C14C6F300825BD4 /* MetricsWidget.entitlements */,
				526BFF2A2C14C6F300825BD4 /* Preview Content */,
			);
			path = MetricsWidget;
			sourceTree = "<group>";
		};
		526BFF2A2C14C6F300825BD4 /* Preview Content */ = {
			isa = PBXGroup;
			children = (
				526BFF2B2C14C6F300825BD4 /* Preview Assets.xcassets */,
			);
			path = "Preview Content";
			sourceTree = "<group>";
		};
		526BFF532C14C7A000825BD4 /* Frameworks */ = {
			isa = PBXGroup;
			children = (
				52A167BF2C34774300D5DB22 /* ActivityKit.framework */,
				526BFF542C14C7A000825BD4 /* WidgetKit.framework */,
				526BFF562C14C7A000825BD4 /* SwiftUI.framework */,
			);
			name = Frameworks;
			sourceTree = "<group>";
		};
		526BFF582C14C7A000825BD4 /* EthMetrics */ = {
			isa = PBXGroup;
			children = (
				526BFF592C14C7A000825BD4 /* EthMetricsBundle.swift */,
				526BFF5B2C14C7A000825BD4 /* EthMetricsLiveActivity.swift */,
				526BFF5D2C14C7A000825BD4 /* EthMetrics.swift */,
				526BFF5F2C14C7A000825BD4 /* AppIntent.swift */,
				526BFF612C14C7A200825BD4 /* Assets.xcassets */,
				526BFF632C14C7A200825BD4 /* Info.plist */,
			);
			path = EthMetrics;
			sourceTree = "<group>";
		};
		52B3B4062C165B79006D6DCB /* Home */ = {
			isa = PBXGroup;
			children = (
				52B3B4072C165B8A006D6DCB /* HomeView.swift */,
				52B3B4092C165B99006D6DCB /* HomeViewModel.swift */,
			);
			path = Home;
			sourceTree = "<group>";
		};
		52B560652C3205C900CA31B6 /* Persistance */ = {
			isa = PBXGroup;
			children = (
				52B560662C3205D800CA31B6 /* Point.swift */,
				52B560692C32062900CA31B6 /* UserDefaultsCaching.swift */,
			);
			path = Persistance;
			sourceTree = "<group>";
		};
		52E4F7142C1E2D59009787FD /* Network */ = {
			isa = PBXGroup;
			children = (
				52E4F7172C1E2E04009787FD /* Models */,
				52E4F7152C1E2DF7009787FD /* NetworkManager.swift */,
			);
			path = Network;
			sourceTree = "<group>";
		};
		52E4F7172C1E2E04009787FD /* Models */ = {
			isa = PBXGroup;
			children = (
				52E4F7192C1E2E1B009787FD /* Responses */,
			);
			path = Models;
			sourceTree = "<group>";
		};
		52E4F7192C1E2E1B009787FD /* Responses */ = {
			isa = PBXGroup;
			children = (
				52E4F71E2C1E3F93009787FD /* EthMetricsModel.swift */,
			);
			path = Responses;
			sourceTree = "<group>";
		};
		52E4F7212C1F3FE9009787FD /* Extensions */ = {
			isa = PBXGroup;
			children = (
				52E4F7222C1F400C009787FD /* UIColor+Extensions.swift */,
			);
			path = Extensions;
			sourceTree = "<group>";
		};
/* End PBXGroup section */

/* Begin PBXNativeTarget section */
		526BFF1F2C14C6F200825BD4 /* MetricsWidget */ = {
			isa = PBXNativeTarget;
			buildConfigurationList = 526BFF452C14C6F300825BD4 /* Build configuration list for PBXNativeTarget "MetricsWidget" */;
			buildPhases = (
				526BFF1C2C14C6F200825BD4 /* Sources */,
				526BFF1D2C14C6F200825BD4 /* Frameworks */,
				526BFF1E2C14C6F200825BD4 /* Resources */,
				526BFF6A2C14C7A200825BD4 /* Embed Foundation Extensions */,
			);
			buildRules = (
			);
			dependencies = (
				526BFF652C14C7A200825BD4 /* PBXTargetDependency */,
			);
			name = MetricsWidget;
			productName = MetricsWidget;
			productReference = 526BFF202C14C6F200825BD4 /* MetricsWidget.app */;
			productType = "com.apple.product-type.application";
		};
		526BFF302C14C6F300825BD4 /* MetricsWidgetTests */ = {
			isa = PBXNativeTarget;
			buildConfigurationList = 526BFF482C14C6F300825BD4 /* Build configuration list for PBXNativeTarget "MetricsWidgetTests" */;
			buildPhases = (
				526BFF2D2C14C6F300825BD4 /* Sources */,
				526BFF2E2C14C6F300825BD4 /* Frameworks */,
				526BFF2F2C14C6F300825BD4 /* Resources */,
			);
			buildRules = (
			);
			dependencies = (
				526BFF332C14C6F300825BD4 /* PBXTargetDependency */,
			);
			name = MetricsWidgetTests;
			productName = MetricsWidgetTests;
			productReference = 526BFF312C14C6F300825BD4 /* MetricsWidgetTests.xctest */;
			productType = "com.apple.product-type.bundle.unit-test";
		};
		526BFF3A2C14C6F300825BD4 /* MetricsWidgetUITests */ = {
			isa = PBXNativeTarget;
			buildConfigurationList = 526BFF4B2C14C6F300825BD4 /* Build configuration list for PBXNativeTarget "MetricsWidgetUITests" */;
			buildPhases = (
				526BFF372C14C6F300825BD4 /* Sources */,
				526BFF382C14C6F300825BD4 /* Frameworks */,
				526BFF392C14C6F300825BD4 /* Resources */,
			);
			buildRules = (
			);
			dependencies = (
				526BFF3D2C14C6F300825BD4 /* PBXTargetDependency */,
			);
			name = MetricsWidgetUITests;
			productName = MetricsWidgetUITests;
			productReference = 526BFF3B2C14C6F300825BD4 /* MetricsWidgetUITests.xctest */;
			productType = "com.apple.product-type.bundle.ui-testing";
		};
		526BFF512C14C79F00825BD4 /* EthMetricsExtension */ = {
			isa = PBXNativeTarget;
			buildConfigurationList = 526BFF672C14C7A200825BD4 /* Build configuration list for PBXNativeTarget "EthMetricsExtension" */;
			buildPhases = (
				526BFF4E2C14C79F00825BD4 /* Sources */,
				526BFF4F2C14C79F00825BD4 /* Frameworks */,
				526BFF502C14C79F00825BD4 /* Resources */,
			);
			buildRules = (
			);
			dependencies = (
			);
			name = EthMetricsExtension;
			productName = EthMetricsExtension;
			productReference = 526BFF522C14C79F00825BD4 /* EthMetricsExtension.appex */;
			productType = "com.apple.product-type.app-extension";
		};
/* End PBXNativeTarget section */

/* Begin PBXProject section */
		526BFF182C14C6F200825BD4 /* Project object */ = {
			isa = PBXProject;
			attributes = {
				BuildIndependentTargetsInParallel = 1;
				LastSwiftUpdateCheck = 1500;
				LastUpgradeCheck = 1500;
				TargetAttributes = {
					526BFF1F2C14C6F200825BD4 = {
						CreatedOnToolsVersion = 15.0.1;
					};
					526BFF302C14C6F300825BD4 = {
						CreatedOnToolsVersion = 15.0.1;
						TestTargetID = 526BFF1F2C14C6F200825BD4;
					};
					526BFF3A2C14C6F300825BD4 = {
						CreatedOnToolsVersion = 15.0.1;
						TestTargetID = 526BFF1F2C14C6F200825BD4;
					};
					526BFF512C14C79F00825BD4 = {
						CreatedOnToolsVersion = 15.0.1;
					};
				};
			};
			buildConfigurationList = 526BFF1B2C14C6F200825BD4 /* Build configuration list for PBXProject "MetricsWidget" */;
			compatibilityVersion = "Xcode 14.0";
			developmentRegion = en;
			hasScannedForEncodings = 0;
			knownRegions = (
				en,
				Base,
			);
			mainGroup = 526BFF172C14C6F200825BD4;
			productRefGroup = 526BFF212C14C6F200825BD4 /* Products */;
			projectDirPath = "";
			projectRoot = "";
			targets = (
				526BFF1F2C14C6F200825BD4 /* MetricsWidget */,
				526BFF302C14C6F300825BD4 /* MetricsWidgetTests */,
				526BFF3A2C14C6F300825BD4 /* MetricsWidgetUITests */,
				526BFF512C14C79F00825BD4 /* EthMetricsExtension */,
			);
		};
/* End PBXProject section */

/* Begin PBXResourcesBuildPhase section */
		526BFF1E2C14C6F200825BD4 /* Resources */ = {
			isa = PBXResourcesBuildPhase;
			buildActionMask = 2147483647;
			files = (
				526BFF2C2C14C6F300825BD4 /* Preview Assets.xcassets in Resources */,
				526BFF282C14C6F300825BD4 /* Assets.xcassets in Resources */,
			);
			runOnlyForDeploymentPostprocessing = 0;
		};
		526BFF2F2C14C6F300825BD4 /* Resources */ = {
			isa = PBXResourcesBuildPhase;
			buildActionMask = 2147483647;
			files = (
			);
			runOnlyForDeploymentPostprocessing = 0;
		};
		526BFF392C14C6F300825BD4 /* Resources */ = {
			isa = PBXResourcesBuildPhase;
			buildActionMask = 2147483647;
			files = (
			);
			runOnlyForDeploymentPostprocessing = 0;
		};
		526BFF502C14C79F00825BD4 /* Resources */ = {
			isa = PBXResourcesBuildPhase;
			buildActionMask = 2147483647;
			files = (
				526BFF622C14C7A200825BD4 /* Assets.xcassets in Resources */,
			);
			runOnlyForDeploymentPostprocessing = 0;
		};
/* End PBXResourcesBuildPhase section */

/* Begin PBXSourcesBuildPhase section */
		526BFF1C2C14C6F200825BD4 /* Sources */ = {
			isa = PBXSourcesBuildPhase;
			buildActionMask = 2147483647;
			files = (
				52B5606A2C32062900CA31B6 /* UserDefaultsCaching.swift in Sources */,
				52E4F7162C1E2DF7009787FD /* NetworkManager.swift in Sources */,
				52A3B5E72C320BCF00625407 /* AppIntent.swift in Sources */,
				52E4F7232C1F400C009787FD /* UIColor+Extensions.swift in Sources */,
				52E4F71F2C1E3F93009787FD /* EthMetricsModel.swift in Sources */,
				52B3B4082C165B8A006D6DCB /* HomeView.swift in Sources */,
				52B560672C3205D800CA31B6 /* Point.swift in Sources */,
				526BFF242C14C6F200825BD4 /* MetricsWidgetApp.swift in Sources */,
				52B3B40A2C165B99006D6DCB /* HomeViewModel.swift in Sources */,
			);
			runOnlyForDeploymentPostprocessing = 0;
		};
		526BFF2D2C14C6F300825BD4 /* Sources */ = {
			isa = PBXSourcesBuildPhase;
			buildActionMask = 2147483647;
			files = (
			);
			runOnlyForDeploymentPostprocessing = 0;
		};
		526BFF372C14C6F300825BD4 /* Sources */ = {
			isa = PBXSourcesBuildPhase;
			buildActionMask = 2147483647;
			files = (
			);
			runOnlyForDeploymentPostprocessing = 0;
		};
		526BFF4E2C14C79F00825BD4 /* Sources */ = {
			isa = PBXSourcesBuildPhase;
			buildActionMask = 2147483647;
			files = (
				52B5606B2C32062900CA31B6 /* UserDefaultsCaching.swift in Sources */,
				526BFF5E2C14C7A000825BD4 /* EthMetrics.swift in Sources */,
				52A3B5ED2C33110B00625407 /* NetworkManager.swift in Sources */,
				52E4F7242C1F400C009787FD /* UIColor+Extensions.swift in Sources */,
				52E4F7202C1E3F93009787FD /* EthMetricsModel.swift in Sources */,
				526BFF602C14C7A000825BD4 /* AppIntent.swift in Sources */,
				52B560682C3205D800CA31B6 /* Point.swift in Sources */,
				526BFF5C2C14C7A000825BD4 /* EthMetricsLiveActivity.swift in Sources */,
				526BFF5A2C14C7A000825BD4 /* EthMetricsBundle.swift in Sources */,
			);
			runOnlyForDeploymentPostprocessing = 0;
		};
/* End PBXSourcesBuildPhase section */

/* Begin PBXTargetDependency section */
		526BFF332C14C6F300825BD4 /* PBXTargetDependency */ = {
			isa = PBXTargetDependency;
			target = 526BFF1F2C14C6F200825BD4 /* MetricsWidget */;
			targetProxy = 526BFF322C14C6F300825BD4 /* PBXContainerItemProxy */;
		};
		526BFF3D2C14C6F300825BD4 /* PBXTargetDependency */ = {
			isa = PBXTargetDependency;
			target = 526BFF1F2C14C6F200825BD4 /* MetricsWidget */;
			targetProxy = 526BFF3C2C14C6F300825BD4 /* PBXContainerItemProxy */;
		};
		526BFF652C14C7A200825BD4 /* PBXTargetDependency */ = {
			isa = PBXTargetDependency;
			target = 526BFF512C14C79F00825BD4 /* EthMetricsExtension */;
			targetProxy = 526BFF642C14C7A200825BD4 /* PBXContainerItemProxy */;
		};
/* End PBXTargetDependency section */

/* Begin XCBuildConfiguration section */
		526BFF432C14C6F300825BD4 /* Debug */ = {
			isa = XCBuildConfiguration;
			buildSettings = {
				ALWAYS_SEARCH_USER_PATHS = NO;
				ASSETCATALOG_COMPILER_GENERATE_SWIFT_ASSET_SYMBOL_EXTENSIONS = YES;
				CLANG_ANALYZER_NONNULL = YES;
				CLANG_ANALYZER_NUMBER_OBJECT_CONVERSION = YES_AGGRESSIVE;
				CLANG_CXX_LANGUAGE_STANDARD = "gnu++20";
				CLANG_ENABLE_MODULES = YES;
				CLANG_ENABLE_OBJC_ARC = YES;
				CLANG_ENABLE_OBJC_WEAK = YES;
				CLANG_WARN_BLOCK_CAPTURE_AUTORELEASING = YES;
				CLANG_WARN_BOOL_CONVERSION = YES;
				CLANG_WARN_COMMA = YES;
				CLANG_WARN_CONSTANT_CONVERSION = YES;
				CLANG_WARN_DEPRECATED_OBJC_IMPLEMENTATIONS = YES;
				CLANG_WARN_DIRECT_OBJC_ISA_USAGE = YES_ERROR;
				CLANG_WARN_DOCUMENTATION_COMMENTS = YES;
				CLANG_WARN_EMPTY_BODY = YES;
				CLANG_WARN_ENUM_CONVERSION = YES;
				CLANG_WARN_INFINITE_RECURSION = YES;
				CLANG_WARN_INT_CONVERSION = YES;
				CLANG_WARN_NON_LITERAL_NULL_CONVERSION = YES;
				CLANG_WARN_OBJC_IMPLICIT_RETAIN_SELF = YES;
				CLANG_WARN_OBJC_LITERAL_CONVERSION = YES;
				CLANG_WARN_OBJC_ROOT_CLASS = YES_ERROR;
				CLANG_WARN_QUOTED_INCLUDE_IN_FRAMEWORK_HEADER = YES;
				CLANG_WARN_RANGE_LOOP_ANALYSIS = YES;
				CLANG_WARN_STRICT_PROTOTYPES = YES;
				CLANG_WARN_SUSPICIOUS_MOVE = YES;
				CLANG_WARN_UNGUARDED_AVAILABILITY = YES_AGGRESSIVE;
				CLANG_WARN_UNREACHABLE_CODE = YES;
				CLANG_WARN__DUPLICATE_METHOD_MATCH = YES;
				COPY_PHASE_STRIP = NO;
				DEBUG_INFORMATION_FORMAT = dwarf;
				ENABLE_STRICT_OBJC_MSGSEND = YES;
				ENABLE_TESTABILITY = YES;
				ENABLE_USER_SCRIPT_SANDBOXING = YES;
				GCC_C_LANGUAGE_STANDARD = gnu17;
				GCC_DYNAMIC_NO_PIC = NO;
				GCC_NO_COMMON_BLOCKS = YES;
				GCC_OPTIMIZATION_LEVEL = 0;
				GCC_PREPROCESSOR_DEFINITIONS = (
					"DEBUG=1",
					"$(inherited)",
				);
				GCC_WARN_64_TO_32_BIT_CONVERSION = YES;
				GCC_WARN_ABOUT_RETURN_TYPE = YES_ERROR;
				GCC_WARN_UNDECLARED_SELECTOR = YES;
				GCC_WARN_UNINITIALIZED_AUTOS = YES_AGGRESSIVE;
				GCC_WARN_UNUSED_FUNCTION = YES;
				GCC_WARN_UNUSED_VARIABLE = YES;
				LOCALIZATION_PREFERS_STRING_CATALOGS = YES;
				MTL_ENABLE_DEBUG_INFO = INCLUDE_SOURCE;
				MTL_FAST_MATH = YES;
				ONLY_ACTIVE_ARCH = YES;
				SWIFT_ACTIVE_COMPILATION_CONDITIONS = "DEBUG $(inherited)";
				SWIFT_OPTIMIZATION_LEVEL = "-Onone";
			};
			name = Debug;
		};
		526BFF442C14C6F300825BD4 /* Release */ = {
			isa = XCBuildConfiguration;
			buildSettings = {
				ALWAYS_SEARCH_USER_PATHS = NO;
				ASSETCATALOG_COMPILER_GENERATE_SWIFT_ASSET_SYMBOL_EXTENSIONS = YES;
				CLANG_ANALYZER_NONNULL = YES;
				CLANG_ANALYZER_NUMBER_OBJECT_CONVERSION = YES_AGGRESSIVE;
				CLANG_CXX_LANGUAGE_STANDARD = "gnu++20";
				CLANG_ENABLE_MODULES = YES;
				CLANG_ENABLE_OBJC_ARC = YES;
				CLANG_ENABLE_OBJC_WEAK = YES;
				CLANG_WARN_BLOCK_CAPTURE_AUTORELEASING = YES;
				CLANG_WARN_BOOL_CONVERSION = YES;
				CLANG_WARN_COMMA = YES;
				CLANG_WARN_CONSTANT_CONVERSION = YES;
				CLANG_WARN_DEPRECATED_OBJC_IMPLEMENTATIONS = YES;
				CLANG_WARN_DIRECT_OBJC_ISA_USAGE = YES_ERROR;
				CLANG_WARN_DOCUMENTATION_COMMENTS = YES;
				CLANG_WARN_EMPTY_BODY = YES;
				CLANG_WARN_ENUM_CONVERSION = YES;
				CLANG_WARN_INFINITE_RECURSION = YES;
				CLANG_WARN_INT_CONVERSION = YES;
				CLANG_WARN_NON_LITERAL_NULL_CONVERSION = YES;
				CLANG_WARN_OBJC_IMPLICIT_RETAIN_SELF = YES;
				CLANG_WARN_OBJC_LITERAL_CONVERSION = YES;
				CLANG_WARN_OBJC_ROOT_CLASS = YES_ERROR;
				CLANG_WARN_QUOTED_INCLUDE_IN_FRAMEWORK_HEADER = YES;
				CLANG_WARN_RANGE_LOOP_ANALYSIS = YES;
				CLANG_WARN_STRICT_PROTOTYPES = YES;
				CLANG_WARN_SUSPICIOUS_MOVE = YES;
				CLANG_WARN_UNGUARDED_AVAILABILITY = YES_AGGRESSIVE;
				CLANG_WARN_UNREACHABLE_CODE = YES;
				CLANG_WARN__DUPLICATE_METHOD_MATCH = YES;
				COPY_PHASE_STRIP = NO;
				DEBUG_INFORMATION_FORMAT = "dwarf-with-dsym";
				ENABLE_NS_ASSERTIONS = NO;
				ENABLE_STRICT_OBJC_MSGSEND = YES;
				ENABLE_USER_SCRIPT_SANDBOXING = YES;
				GCC_C_LANGUAGE_STANDARD = gnu17;
				GCC_NO_COMMON_BLOCKS = YES;
				GCC_WARN_64_TO_32_BIT_CONVERSION = YES;
				GCC_WARN_ABOUT_RETURN_TYPE = YES_ERROR;
				GCC_WARN_UNDECLARED_SELECTOR = YES;
				GCC_WARN_UNINITIALIZED_AUTOS = YES_AGGRESSIVE;
				GCC_WARN_UNUSED_FUNCTION = YES;
				GCC_WARN_UNUSED_VARIABLE = YES;
				LOCALIZATION_PREFERS_STRING_CATALOGS = YES;
				MTL_ENABLE_DEBUG_INFO = NO;
				MTL_FAST_MATH = YES;
				SWIFT_COMPILATION_MODE = wholemodule;
			};
			name = Release;
		};
		526BFF462C14C6F300825BD4 /* Debug */ = {
			isa = XCBuildConfiguration;
			buildSettings = {
				ALWAYS_EMBED_SWIFT_STANDARD_LIBRARIES = YES;
				ASSETCATALOG_COMPILER_APPICON_NAME = AppIcon;
				ASSETCATALOG_COMPILER_GLOBAL_ACCENT_COLOR_NAME = AccentColor;
				CODE_SIGN_ENTITLEMENTS = MetricsWidget/MetricsWidget.entitlements;
				CODE_SIGN_STYLE = Automatic;
				CURRENT_PROJECT_VERSION = 1;
				DEVELOPMENT_ASSET_PATHS = "\"MetricsWidget/Preview Content\"";
				DEVELOPMENT_TEAM = FJMSTDRA7A;
				ENABLE_HARDENED_RUNTIME = YES;
				ENABLE_PREVIEWS = YES;
				GENERATE_INFOPLIST_FILE = YES;
				INFOPLIST_FILE = MetricsWidget/Info.plist;
				"INFOPLIST_KEY_UIApplicationSceneManifest_Generation[sdk=iphoneos*]" = YES;
				"INFOPLIST_KEY_UIApplicationSceneManifest_Generation[sdk=iphonesimulator*]" = YES;
				"INFOPLIST_KEY_UIApplicationSupportsIndirectInputEvents[sdk=iphoneos*]" = YES;
				"INFOPLIST_KEY_UIApplicationSupportsIndirectInputEvents[sdk=iphonesimulator*]" = YES;
				"INFOPLIST_KEY_UILaunchScreen_Generation[sdk=iphoneos*]" = YES;
				"INFOPLIST_KEY_UILaunchScreen_Generation[sdk=iphonesimulator*]" = YES;
				"INFOPLIST_KEY_UIStatusBarStyle[sdk=iphoneos*]" = UIStatusBarStyleDefault;
				"INFOPLIST_KEY_UIStatusBarStyle[sdk=iphonesimulator*]" = UIStatusBarStyleDefault;
				INFOPLIST_KEY_UISupportedInterfaceOrientations_iPad = "UIInterfaceOrientationPortrait UIInterfaceOrientationPortraitUpsideDown UIInterfaceOrientationLandscapeLeft UIInterfaceOrientationLandscapeRight";
				INFOPLIST_KEY_UISupportedInterfaceOrientations_iPhone = "UIInterfaceOrientationPortrait UIInterfaceOrientationLandscapeLeft UIInterfaceOrientationLandscapeRight";
				IPHONEOS_DEPLOYMENT_TARGET = 17.0;
				LD_RUNPATH_SEARCH_PATHS = "@executable_path/Frameworks";
				"LD_RUNPATH_SEARCH_PATHS[sdk=macosx*]" = "@executable_path/../Frameworks";
				MACOSX_DEPLOYMENT_TARGET = 14.0;
				MARKETING_VERSION = 1.0;
				PRODUCT_BUNDLE_IDENTIFIER = ethmetrics.app.com.MetricsWidget;
				PRODUCT_NAME = "$(TARGET_NAME)";
				SDKROOT = auto;
				SUPPORTED_PLATFORMS = "iphoneos iphonesimulator";
				SUPPORTS_MACCATALYST = NO;
				SUPPORTS_MAC_DESIGNED_FOR_IPHONE_IPAD = YES;
				SWIFT_EMIT_LOC_STRINGS = YES;
				SWIFT_VERSION = 5.0;
				TARGETED_DEVICE_FAMILY = "1,2";
			};
			name = Debug;
		};
		526BFF472C14C6F300825BD4 /* Release */ = {
			isa = XCBuildConfiguration;
			buildSettings = {
				ALWAYS_EMBED_SWIFT_STANDARD_LIBRARIES = YES;
				ASSETCATALOG_COMPILER_APPICON_NAME = AppIcon;
				ASSETCATALOG_COMPILER_GLOBAL_ACCENT_COLOR_NAME = AccentColor;
				CODE_SIGN_ENTITLEMENTS = MetricsWidget/MetricsWidget.entitlements;
				CODE_SIGN_STYLE = Automatic;
				CURRENT_PROJECT_VERSION = 1;
				DEVELOPMENT_ASSET_PATHS = "\"MetricsWidget/Preview Content\"";
				DEVELOPMENT_TEAM = FJMSTDRA7A;
				ENABLE_HARDENED_RUNTIME = YES;
				ENABLE_PREVIEWS = YES;
				GENERATE_INFOPLIST_FILE = YES;
				INFOPLIST_FILE = MetricsWidget/Info.plist;
				"INFOPLIST_KEY_UIApplicationSceneManifest_Generation[sdk=iphoneos*]" = YES;
				"INFOPLIST_KEY_UIApplicationSceneManifest_Generation[sdk=iphonesimulator*]" = YES;
				"INFOPLIST_KEY_UIApplicationSupportsIndirectInputEvents[sdk=iphoneos*]" = YES;
				"INFOPLIST_KEY_UIApplicationSupportsIndirectInputEvents[sdk=iphonesimulator*]" = YES;
				"INFOPLIST_KEY_UILaunchScreen_Generation[sdk=iphoneos*]" = YES;
				"INFOPLIST_KEY_UILaunchScreen_Generation[sdk=iphonesimulator*]" = YES;
				"INFOPLIST_KEY_UIStatusBarStyle[sdk=iphoneos*]" = UIStatusBarStyleDefault;
				"INFOPLIST_KEY_UIStatusBarStyle[sdk=iphonesimulator*]" = UIStatusBarStyleDefault;
				INFOPLIST_KEY_UISupportedInterfaceOrientations_iPad = "UIInterfaceOrientationPortrait UIInterfaceOrientationPortraitUpsideDown UIInterfaceOrientationLandscapeLeft UIInterfaceOrientationLandscapeRight";
				INFOPLIST_KEY_UISupportedInterfaceOrientations_iPhone = "UIInterfaceOrientationPortrait UIInterfaceOrientationLandscapeLeft UIInterfaceOrientationLandscapeRight";
				IPHONEOS_DEPLOYMENT_TARGET = 17.0;
				LD_RUNPATH_SEARCH_PATHS = "@executable_path/Frameworks";
				"LD_RUNPATH_SEARCH_PATHS[sdk=macosx*]" = "@executable_path/../Frameworks";
				MACOSX_DEPLOYMENT_TARGET = 14.0;
				MARKETING_VERSION = 1.0;
				PRODUCT_BUNDLE_IDENTIFIER = ethmetrics.app.com.MetricsWidget;
				PRODUCT_NAME = "$(TARGET_NAME)";
				SDKROOT = auto;
				SUPPORTED_PLATFORMS = "iphoneos iphonesimulator";
				SUPPORTS_MACCATALYST = NO;
				SUPPORTS_MAC_DESIGNED_FOR_IPHONE_IPAD = YES;
				SWIFT_EMIT_LOC_STRINGS = YES;
				SWIFT_VERSION = 5.0;
				TARGETED_DEVICE_FAMILY = "1,2";
			};
			name = Release;
		};
		526BFF492C14C6F300825BD4 /* Debug */ = {
			isa = XCBuildConfiguration;
			buildSettings = {
				ALWAYS_EMBED_SWIFT_STANDARD_LIBRARIES = YES;
				BUNDLE_LOADER = "$(TEST_HOST)";
				CODE_SIGN_STYLE = Automatic;
				CURRENT_PROJECT_VERSION = 1;
				DEVELOPMENT_TEAM = FJMSTDRA7A;
				GENERATE_INFOPLIST_FILE = YES;
				IPHONEOS_DEPLOYMENT_TARGET = 17.0;
				MACOSX_DEPLOYMENT_TARGET = 13.5;
				MARKETING_VERSION = 1.0;
				PRODUCT_BUNDLE_IDENTIFIER = ethmetrics.app.com.MetricsWidgetTests;
				PRODUCT_NAME = "$(TARGET_NAME)";
				SDKROOT = auto;
				SUPPORTED_PLATFORMS = "iphoneos iphonesimulator macosx";
				SWIFT_EMIT_LOC_STRINGS = NO;
				SWIFT_VERSION = 5.0;
				TARGETED_DEVICE_FAMILY = "1,2";
				TEST_HOST = "$(BUILT_PRODUCTS_DIR)/MetricsWidget.app/$(BUNDLE_EXECUTABLE_FOLDER_PATH)/MetricsWidget";
			};
			name = Debug;
		};
		526BFF4A2C14C6F300825BD4 /* Release */ = {
			isa = XCBuildConfiguration;
			buildSettings = {
				ALWAYS_EMBED_SWIFT_STANDARD_LIBRARIES = YES;
				BUNDLE_LOADER = "$(TEST_HOST)";
				CODE_SIGN_STYLE = Automatic;
				CURRENT_PROJECT_VERSION = 1;
				DEVELOPMENT_TEAM = FJMSTDRA7A;
				GENERATE_INFOPLIST_FILE = YES;
				IPHONEOS_DEPLOYMENT_TARGET = 17.0;
				MACOSX_DEPLOYMENT_TARGET = 13.5;
				MARKETING_VERSION = 1.0;
				PRODUCT_BUNDLE_IDENTIFIER = ethmetrics.app.com.MetricsWidgetTests;
				PRODUCT_NAME = "$(TARGET_NAME)";
				SDKROOT = auto;
				SUPPORTED_PLATFORMS = "iphoneos iphonesimulator macosx";
				SWIFT_EMIT_LOC_STRINGS = NO;
				SWIFT_VERSION = 5.0;
				TARGETED_DEVICE_FAMILY = "1,2";
				TEST_HOST = "$(BUILT_PRODUCTS_DIR)/MetricsWidget.app/$(BUNDLE_EXECUTABLE_FOLDER_PATH)/MetricsWidget";
			};
			name = Release;
		};
		526BFF4C2C14C6F300825BD4 /* Debug */ = {
			isa = XCBuildConfiguration;
			buildSettings = {
				ALWAYS_EMBED_SWIFT_STANDARD_LIBRARIES = YES;
				CODE_SIGN_STYLE = Automatic;
				CURRENT_PROJECT_VERSION = 1;
				DEVELOPMENT_TEAM = FJMSTDRA7A;
				GENERATE_INFOPLIST_FILE = YES;
				IPHONEOS_DEPLOYMENT_TARGET = 17.0;
				MACOSX_DEPLOYMENT_TARGET = 13.5;
				MARKETING_VERSION = 1.0;
				PRODUCT_BUNDLE_IDENTIFIER = ethmetrics.app.com.MetricsWidgetUITests;
				PRODUCT_NAME = "$(TARGET_NAME)";
				SDKROOT = auto;
				SUPPORTED_PLATFORMS = "iphoneos iphonesimulator macosx";
				SWIFT_EMIT_LOC_STRINGS = NO;
				SWIFT_VERSION = 5.0;
				TARGETED_DEVICE_FAMILY = "1,2";
				TEST_TARGET_NAME = MetricsWidget;
			};
			name = Debug;
		};
		526BFF4D2C14C6F300825BD4 /* Release */ = {
			isa = XCBuildConfiguration;
			buildSettings = {
				ALWAYS_EMBED_SWIFT_STANDARD_LIBRARIES = YES;
				CODE_SIGN_STYLE = Automatic;
				CURRENT_PROJECT_VERSION = 1;
				DEVELOPMENT_TEAM = FJMSTDRA7A;
				GENERATE_INFOPLIST_FILE = YES;
				IPHONEOS_DEPLOYMENT_TARGET = 17.0;
				MACOSX_DEPLOYMENT_TARGET = 13.5;
				MARKETING_VERSION = 1.0;
				PRODUCT_BUNDLE_IDENTIFIER = ethmetrics.app.com.MetricsWidgetUITests;
				PRODUCT_NAME = "$(TARGET_NAME)";
				SDKROOT = auto;
				SUPPORTED_PLATFORMS = "iphoneos iphonesimulator macosx";
				SWIFT_EMIT_LOC_STRINGS = NO;
				SWIFT_VERSION = 5.0;
				TARGETED_DEVICE_FAMILY = "1,2";
				TEST_TARGET_NAME = MetricsWidget;
			};
			name = Release;
		};
		526BFF682C14C7A200825BD4 /* Debug */ = {
			isa = XCBuildConfiguration;
			buildSettings = {
				ASSETCATALOG_COMPILER_GLOBAL_ACCENT_COLOR_NAME = AccentColor;
				ASSETCATALOG_COMPILER_WIDGET_BACKGROUND_COLOR_NAME = WidgetBackground;
				CODE_SIGN_ENTITLEMENTS = EthMetricsExtension.entitlements;
				CODE_SIGN_STYLE = Automatic;
				CURRENT_PROJECT_VERSION = 1;
				DEVELOPMENT_TEAM = FJMSTDRA7A;
				GENERATE_INFOPLIST_FILE = YES;
				INFOPLIST_FILE = EthMetrics/Info.plist;
				INFOPLIST_KEY_CFBundleDisplayName = EthMetrics;
				INFOPLIST_KEY_NSHumanReadableCopyright = "";
				IPHONEOS_DEPLOYMENT_TARGET = 17.0;
				LD_RUNPATH_SEARCH_PATHS = (
					"$(inherited)",
					"@executable_path/Frameworks",
					"@executable_path/../../Frameworks",
				);
				MARKETING_VERSION = 1.0;
				PRODUCT_BUNDLE_IDENTIFIER = ethmetrics.app.com.MetricsWidget.EthMetrics;
				PRODUCT_NAME = "$(TARGET_NAME)";
				SDKROOT = iphoneos;
				SKIP_INSTALL = YES;
				SUPPORTED_PLATFORMS = "iphoneos iphonesimulator";
				SUPPORTS_MACCATALYST = NO;
				SUPPORTS_MAC_DESIGNED_FOR_IPHONE_IPAD = YES;
				SWIFT_EMIT_LOC_STRINGS = YES;
				SWIFT_VERSION = 5.0;
				TARGETED_DEVICE_FAMILY = "1,2";
			};
			name = Debug;
		};
		526BFF692C14C7A200825BD4 /* Release */ = {
			isa = XCBuildConfiguration;
			buildSettings = {
				ASSETCATALOG_COMPILER_GLOBAL_ACCENT_COLOR_NAME = AccentColor;
				ASSETCATALOG_COMPILER_WIDGET_BACKGROUND_COLOR_NAME = WidgetBackground;
				CODE_SIGN_ENTITLEMENTS = EthMetricsExtension.entitlements;
				CODE_SIGN_STYLE = Automatic;
				CURRENT_PROJECT_VERSION = 1;
				DEVELOPMENT_TEAM = FJMSTDRA7A;
				GENERATE_INFOPLIST_FILE = YES;
				INFOPLIST_FILE = EthMetrics/Info.plist;
				INFOPLIST_KEY_CFBundleDisplayName = EthMetrics;
				INFOPLIST_KEY_NSHumanReadableCopyright = "";
				IPHONEOS_DEPLOYMENT_TARGET = 17.0;
				LD_RUNPATH_SEARCH_PATHS = (
					"$(inherited)",
					"@executable_path/Frameworks",
					"@executable_path/../../Frameworks",
				);
				MARKETING_VERSION = 1.0;
				PRODUCT_BUNDLE_IDENTIFIER = ethmetrics.app.com.MetricsWidget.EthMetrics;
				PRODUCT_NAME = "$(TARGET_NAME)";
				SDKROOT = iphoneos;
				SKIP_INSTALL = YES;
				SUPPORTED_PLATFORMS = "iphoneos iphonesimulator";
				SUPPORTS_MACCATALYST = NO;
				SUPPORTS_MAC_DESIGNED_FOR_IPHONE_IPAD = YES;
				SWIFT_EMIT_LOC_STRINGS = YES;
				SWIFT_VERSION = 5.0;
				TARGETED_DEVICE_FAMILY = "1,2";
				VALIDATE_PRODUCT = YES;
			};
			name = Release;
		};
/* End XCBuildConfiguration section */

/* Begin XCConfigurationList section */
		526BFF1B2C14C6F200825BD4 /* Build configuration list for PBXProject "MetricsWidget" */ = {
			isa = XCConfigurationList;
			buildConfigurations = (
				526BFF432C14C6F300825BD4 /* Debug */,
				526BFF442C14C6F300825BD4 /* Release */,
			);
			defaultConfigurationIsVisible = 0;
			defaultConfigurationName = Release;
		};
		526BFF452C14C6F300825BD4 /* Build configuration list for PBXNativeTarget "MetricsWidget" */ = {
			isa = XCConfigurationList;
			buildConfigurations = (
				526BFF462C14C6F300825BD4 /* Debug */,
				526BFF472C14C6F300825BD4 /* Release */,
			);
			defaultConfigurationIsVisible = 0;
			defaultConfigurationName = Release;
		};
		526BFF482C14C6F300825BD4 /* Build configuration list for PBXNativeTarget "MetricsWidgetTests" */ = {
			isa = XCConfigurationList;
			buildConfigurations = (
				526BFF492C14C6F300825BD4 /* Debug */,
				526BFF4A2C14C6F300825BD4 /* Release */,
			);
			defaultConfigurationIsVisible = 0;
			defaultConfigurationName = Release;
		};
		526BFF4B2C14C6F300825BD4 /* Build configuration list for PBXNativeTarget "MetricsWidgetUITests" */ = {
			isa = XCConfigurationList;
			buildConfigurations = (
				526BFF4C2C14C6F300825BD4 /* Debug */,
				526BFF4D2C14C6F300825BD4 /* Release */,
			);
			defaultConfigurationIsVisible = 0;
			defaultConfigurationName = Release;
		};
		526BFF672C14C7A200825BD4 /* Build configuration list for PBXNativeTarget "EthMetricsExtension" */ = {
			isa = XCConfigurationList;
			buildConfigurations = (
				526BFF682C14C7A200825BD4 /* Debug */,
				526BFF692C14C7A200825BD4 /* Release */,
			);
			defaultConfigurationIsVisible = 0;
			defaultConfigurationName = Release;
		};
/* End XCConfigurationList section */
	};
	rootObject = 526BFF182C14C6F200825BD4 /* Project object */;
}
